
Microsoft Visual Studio Solution File, Format Version 12.00
# Visual Studio Version 17
VisualStudioVersion = 17.10.35013.160
MinimumVisualStudioVersion = 10.0.40219.1
Project("{FAE04EC0-301F-11D3-BF4B-00C04F79EFBC}") = "ProductService.API", "ProductService.API\ProductService.API.csproj", "{9C5F5778-C125-4FA0-AAD8-9A3623505C19}"
EndProject
Project("{FAE04EC0-301F-11D3-BF4B-00C04F79EFBC}") = "BusinessLogicLayer", "ProductService.Core\BusinessLogicLayer.csproj", "{0B1AF035-39AA-4555-BD8C-FCDA5BFD0597}"
EndProject
Project("{FAE04EC0-301F-11D3-BF4B-00C04F79EFBC}") = "DataAccessLayer", "ProductService.Infrastructure\DataAccessLayer.csproj", "{453E1E8C-4438-47E8-BF33-02730E51B129}"
EndProject
Global
	GlobalSection(SolutionConfigurationPlatforms) = preSolution
		Debug|Any CPU = Debug|Any CPU
		Release|Any CPU = Release|Any CPU
	EndGlobalSection
	GlobalSection(ProjectConfigurationPlatforms) = postSolution
		{9C5F5778-C125-4FA0-AAD8-9A3623505C19}.Debug|Any CPU.ActiveCfg = Debug|Any CPU
		{9C5F5778-C125-4FA0-AAD8-9A3623505C19}.Debug|Any CPU.Build.0 = Debug|Any CPU
		{9C5F5778-C125-4FA0-AAD8-9A3623505C19}.Release|Any CPU.ActiveCfg = Release|Any CPU
		{9C5F5778-C125-4FA0-AAD8-9A3623505C19}.Release|Any CPU.Build.0 = Release|Any CPU
		{0B1AF035-39AA-4555-BD8C-FCDA5BFD0597}.Debug|Any CPU.ActiveCfg = Debug|Any CPU
		{0B1AF035-39AA-4555-BD8C-FCDA5BFD0597}.Debug|Any CPU.Build.0 = Debug|Any CPU
		{0B1AF035-39AA-4555-BD8C-FCDA5BFD0597}.Release|Any CPU.ActiveCfg = Release|Any CPU
		{0B1AF035-39AA-4555-BD8C-FCDA5BFD0597}.Release|Any CPU.Build.0 = Release|Any CPU
		{453E1E8C-4438-47E8-BF33-02730E51B129}.Debug|Any CPU.ActiveCfg = Debug|Any CPU
		{453E1E8C-4438-47E8-BF33-02730E51B129}.Debug|Any CPU.Build.0 = Debug|Any CPU
		{453E1E8C-4438-47E8-BF33-02730E51B129}.Release|Any CPU.ActiveCfg = Release|Any CPU
		{453E1E8C-4438-47E8-BF33-02730E51B129}.Release|Any CPU.Build.0 = Release|Any CPU
	EndGlobalSection
	GlobalSection(SolutionProperties) = preSolution
		HideSolutionNode = FALSE
	EndGlobalSection
	GlobalSection(ExtensibilityGlobals) = postSolution
		SolutionGuid = {61CC8182-E514-42FF-B832-253067E1627A}
	EndGlobalSection
EndGlobal
